// !$*UTF8*$!
{
	archiveVersion = 1;
	classes = {
	};
	objectVersion = 46;
	objects = {

/* Begin PBXBuildFile section */
		B4F6A59F1F4C062800EF442B /* main.m in Sources */ = {isa = PBXBuildFile; fileRef = B4F6A59E1F4C062800EF442B /* main.m */; };
		B4F6A5A21F4C062800EF442B /* AppDelegate.m in Sources */ = {isa = PBXBuildFile; fileRef = B4F6A5A11F4C062800EF442B /* AppDelegate.m */; };
		B4F6A5A51F4C062800EF442B /* ViewController.m in Sources */ = {isa = PBXBuildFile; fileRef = B4F6A5A41F4C062800EF442B /* ViewController.m */; };
		B4F6A5A81F4C062800EF442B /* Main.storyboard in Resources */ = {isa = PBXBuildFile; fileRef = B4F6A5A61F4C062800EF442B /* Main.storyboard */; };
		B4F6A5AA1F4C062800EF442B /* Assets.xcassets in Resources */ = {isa = PBXBuildFile; fileRef = B4F6A5A91F4C062800EF442B /* Assets.xcassets */; };
		B4F6A5AD1F4C062800EF442B /* LaunchScreen.storyboard in Resources */ = {isa = PBXBuildFile; fileRef = B4F6A5AB1F4C062800EF442B /* LaunchScreen.storyboard */; };
		B4F6A5B81F4C062800EF442B /* HXTextFieldTests.m in Sources */ = {isa = PBXBuildFile; fileRef = B4F6A5B71F4C062800EF442B /* HXTextFieldTests.m */; };
		B4F6A5C31F4C062800EF442B /* HXTextFieldUITests.m in Sources */ = {isa = PBXBuildFile; fileRef = B4F6A5C21F4C062800EF442B /* HXTextFieldUITests.m */; };
		B4F6A5D31F4C067A00EF442B /* HXTextField.m in Sources */ = {isa = PBXBuildFile; fileRef = B4F6A5D21F4C067A00EF442B /* HXTextField.m */; };
		B4F6A5DA1F4C14EB00EF442B /* NSString+HXCategory.m in Sources */ = {isa = PBXBuildFile; fileRef = B4F6A5D91F4C14EB00EF442B /* NSString+HXCategory.m */; };
/* End PBXBuildFile section */

/* Begin PBXContainerItemProxy section */
		B4F6A5B41F4C062800EF442B /* PBXContainerItemProxy */ = {
			isa = PBXContainerItemProxy;
			containerPortal = B4F6A5921F4C062800EF442B /* Project object */;
			proxyType = 1;
			remoteGlobalIDString = B4F6A5991F4C062800EF442B;
			remoteInfo = HXTextField;
		};
		B4F6A5BF1F4C062800EF442B /* PBXContainerItemProxy */ = {
			isa = PBXContainerItemProxy;
			containerPortal = B4F6A5921F4C062800EF442B /* Project object */;
			proxyType = 1;
			remoteGlobalIDString = B4F6A5991F4C062800EF442B;
			remoteInfo = HXTextField;
		};
/* End PBXContainerItemProxy section */

/* Begin PBXFileReference section */
		B4F6A59A1F4C062800EF442B /* HXTextField.app */ = {isa = PBXFileReference; explicitFileType = wrapper.application; includeInIndex = 0; path = HXTextField.app; sourceTree = BUILT_PRODUCTS_DIR; };
		B4F6A59E1F4C062800EF442B /* main.m */ = {isa = PBXFileReference; lastKnownFileType = sourcecode.c.objc; path = main.m; sourceTree = "<group>"; };
		B4F6A5A01F4C062800EF442B /* AppDelegate.h */ = {isa = PBXFileReference; lastKnownFileType = sourcecode.c.h; path = AppDelegate.h; sourceTree = "<group>"; };
		B4F6A5A11F4C062800EF442B /* AppDelegate.m */ = {isa = PBXFileReference; lastKnownFileType = sourcecode.c.objc; path = AppDelegate.m; sourceTree = "<group>"; };
		B4F6A5A31F4C062800EF442B /* ViewController.h */ = {isa = PBXFileReference; lastKnownFileType = sourcecode.c.h; path = ViewController.h; sourceTree = "<group>"; };
		B4F6A5A41F4C062800EF442B /* ViewController.m */ = {isa = PBXFileReference; lastKnownFileType = sourcecode.c.objc; path = ViewController.m; sourceTree = "<group>"; };
		B4F6A5A71F4C062800EF442B /* Base */ = {isa = PBXFileReference; lastKnownFileType = file.storyboard; name = Base; path = Base.lproj/Main.storyboard; sourceTree = "<group>"; };
		B4F6A5A91F4C062800EF442B /* Assets.xcassets */ = {isa = PBXFileReference; lastKnownFileType = folder.assetcatalog; path = Assets.xcassets; sourceTree = "<group>"; };
		B4F6A5AC1F4C062800EF442B /* Base */ = {isa = PBXFileReference; lastKnownFileType = file.storyboard; name = Base; path = Base.lproj/LaunchScreen.storyboard; sourceTree = "<group>"; };
		B4F6A5AE1F4C062800EF442B /* Info.plist */ = {isa = PBXFileReference; lastKnownFileType = text.plist.xml; path = Info.plist; sourceTree = "<group>"; };
		B4F6A5B31F4C062800EF442B /* HXTextFieldTests.xctest */ = {isa = PBXFileReference; explicitFileType = wrapper.cfbundle; includeInIndex = 0; path = HXTextFieldTests.xctest; sourceTree = BUILT_PRODUCTS_DIR; };
		B4F6A5B71F4C062800EF442B /* HXTextFieldTests.m */ = {isa = PBXFileReference; lastKnownFileType = sourcecode.c.objc; path = HXTextFieldTests.m; sourceTree = "<group>"; };
		B4F6A5B91F4C062800EF442B /* Info.plist */ = {isa = PBXFileReference; lastKnownFileType = text.plist.xml; path = Info.plist; sourceTree = "<group>"; };
		B4F6A5BE1F4C062800EF442B /* HXTextFieldUITests.xctest */ = {isa = PBXFileReference; explicitFileType = wrapper.cfbundle; includeInIndex = 0; path = HXTextFieldUITests.xctest; sourceTree = BUILT_PRODUCTS_DIR; };
		B4F6A5C21F4C062800EF442B /* HXTextFieldUITests.m */ = {isa = PBXFileReference; lastKnownFileType = sourcecode.c.objc; path = HXTextFieldUITests.m; sourceTree = "<group>"; };
		B4F6A5C41F4C062800EF442B /* Info.plist */ = {isa = PBXFileReference; lastKnownFileType = text.plist.xml; path = Info.plist; sourceTree = "<group>"; };
		B4F6A5D11F4C067A00EF442B /* HXTextField.h */ = {isa = PBXFileReference; fileEncoding = 4; lastKnownFileType = sourcecode.c.h; path = HXTextField.h; sourceTree = "<group>"; };
		B4F6A5D21F4C067A00EF442B /* HXTextField.m */ = {isa = PBXFileReference; fileEncoding = 4; lastKnownFileType = sourcecode.c.objc; path = HXTextField.m; sourceTree = "<group>"; };
		B4F6A5D81F4C14EB00EF442B /* NSString+HXCategory.h */ = {isa = PBXFileReference; fileEncoding = 4; lastKnownFileType = sourcecode.c.h; path = "NSString+HXCategory.h"; sourceTree = "<group>"; };
		B4F6A5D91F4C14EB00EF442B /* NSString+HXCategory.m */ = {isa = PBXFileReference; fileEncoding = 4; lastKnownFileType = sourcecode.c.objc; path = "NSString+HXCategory.m"; sourceTree = "<group>"; };
/* End PBXFileReference section */

/* Begin PBXFrameworksBuildPhase section */
		B4F6A5971F4C062800EF442B /* Frameworks */ = {
			isa = PBXFrameworksBuildPhase;
			buildActionMask = 2147483647;
			files = (
			);
			runOnlyForDeploymentPostprocessing = 0;
		};
		B4F6A5B01F4C062800EF442B /* Frameworks */ = {
			isa = PBXFrameworksBuildPhase;
			buildActionMask = 2147483647;
			files = (
			);
			runOnlyForDeploymentPostprocessing = 0;
		};
		B4F6A5BB1F4C062800EF442B /* Frameworks */ = {
			isa = PBXFrameworksBuildPhase;
			buildActionMask = 2147483647;
			files = (
			);
			runOnlyForDeploymentPostprocessing = 0;
		};
/* End PBXFrameworksBuildPhase section */

/* Begin PBXGroup section */
		B4F6A5911F4C062800EF442B = {
			isa = PBXGroup;
			children = (
				B4F6A59C1F4C062800EF442B /* HXTextField */,
				B4F6A5B61F4C062800EF442B /* HXTextFieldTests */,
				B4F6A5C11F4C062800EF442B /* HXTextFieldUITests */,
				B4F6A59B1F4C062800EF442B /* Products */,
			);
			sourceTree = "<group>";
		};
		B4F6A59B1F4C062800EF442B /* Products */ = {
			isa = PBXGroup;
			children = (
				B4F6A59A1F4C062800EF442B /* HXTextField.app */,
				B4F6A5B31F4C062800EF442B /* HXTextFieldTests.xctest */,
				B4F6A5BE1F4C062800EF442B /* HXTextFieldUITests.xctest */,
			);
			name = Products;
			sourceTree = "<group>";
		};
		B4F6A59C1F4C062800EF442B /* HXTextField */ = {
			isa = PBXGroup;
			children = (
				B4F6A5D41F4C14BF00EF442B /* Category */,
				B4F6A5D01F4C065300EF442B /* HTextField */,
				B4F6A5A01F4C062800EF442B /* AppDelegate.h */,
				B4F6A5A11F4C062800EF442B /* AppDelegate.m */,
				B4F6A5A31F4C062800EF442B /* ViewController.h */,
				B4F6A5A41F4C062800EF442B /* ViewController.m */,
				B4F6A5A61F4C062800EF442B /* Main.storyboard */,
				B4F6A5A91F4C062800EF442B /* Assets.xcassets */,
				B4F6A5AB1F4C062800EF442B /* LaunchScreen.storyboard */,
				B4F6A5AE1F4C062800EF442B /* Info.plist */,
				B4F6A59D1F4C062800EF442B /* Supporting Files */,
			);
			path = HXTextField;
			sourceTree = "<group>";
		};
		B4F6A59D1F4C062800EF442B /* Supporting Files */ = {
			isa = PBXGroup;
			children = (
				B4F6A59E1F4C062800EF442B /* main.m */,
			);
			name = "Supporting Files";
			sourceTree = "<group>";
		};
		B4F6A5B61F4C062800EF442B /* HXTextFieldTests */ = {
			isa = PBXGroup;
			children = (
				B4F6A5B71F4C062800EF442B /* HXTextFieldTests.m */,
				B4F6A5B91F4C062800EF442B /* Info.plist */,
			);
			path = HXTextFieldTests;
			sourceTree = "<group>";
		};
		B4F6A5C11F4C062800EF442B /* HXTextFieldUITests */ = {
			isa = PBXGroup;
			children = (
				B4F6A5C21F4C062800EF442B /* HXTextFieldUITests.m */,
				B4F6A5C41F4C062800EF442B /* Info.plist */,
			);
			path = HXTextFieldUITests;
			sourceTree = "<group>";
		};
		B4F6A5D01F4C065300EF442B /* HTextField */ = {
			isa = PBXGroup;
			children = (
				B4F6A5D11F4C067A00EF442B /* HXTextField.h */,
				B4F6A5D21F4C067A00EF442B /* HXTextField.m */,
			);
			path = HTextField;
			sourceTree = "<group>";
		};
		B4F6A5D41F4C14BF00EF442B /* Category */ = {
			isa = PBXGroup;
			children = (
				B4F6A5D81F4C14EB00EF442B /* NSString+HXCategory.h */,
				B4F6A5D91F4C14EB00EF442B /* NSString+HXCategory.m */,
			);
			path = Category;
			sourceTree = "<group>";
		};
/* End PBXGroup section */

/* Begin PBXNativeTarget section */
		B4F6A5991F4C062800EF442B /* HXTextField */ = {
			isa = PBXNativeTarget;
			buildConfigurationList = B4F6A5C71F4C062800EF442B /* Build configuration list for PBXNativeTarget "HXTextField" */;
			buildPhases = (
				B4F6A5961F4C062800EF442B /* Sources */,
				B4F6A5971F4C062800EF442B /* Frameworks */,
				B4F6A5981F4C062800EF442B /* Resources */,
			);
			buildRules = (
			);
			dependencies = (
			);
			name = HXTextField;
			productName = HXTextField;
			productReference = B4F6A59A1F4C062800EF442B /* HXTextField.app */;
			productType = "com.apple.product-type.application";
		};
		B4F6A5B21F4C062800EF442B /* HXTextFieldTests */ = {
			isa = PBXNativeTarget;
			buildConfigurationList = B4F6A5CA1F4C062800EF442B /* Build configuration list for PBXNativeTarget "HXTextFieldTests" */;
			buildPhases = (
				B4F6A5AF1F4C062800EF442B /* Sources */,
				B4F6A5B01F4C062800EF442B /* Frameworks */,
				B4F6A5B11F4C062800EF442B /* Resources */,
			);
			buildRules = (
			);
			dependencies = (
				B4F6A5B51F4C062800EF442B /* PBXTargetDependency */,
			);
			name = HXTextFieldTests;
			productName = HXTextFieldTests;
			productReference = B4F6A5B31F4C062800EF442B /* HXTextFieldTests.xctest */;
			productType = "com.apple.product-type.bundle.unit-test";
		};
		B4F6A5BD1F4C062800EF442B /* HXTextFieldUITests */ = {
			isa = PBXNativeTarget;
			buildConfigurationList = B4F6A5CD1F4C062800EF442B /* Build configuration list for PBXNativeTarget "HXTextFieldUITests" */;
			buildPhases = (
				B4F6A5BA1F4C062800EF442B /* Sources */,
				B4F6A5BB1F4C062800EF442B /* Frameworks */,
				B4F6A5BC1F4C062800EF442B /* Resources */,
			);
			buildRules = (
			);
			dependencies = (
				B4F6A5C01F4C062800EF442B /* PBXTargetDependency */,
			);
			name = HXTextFieldUITests;
			productName = HXTextFieldUITests;
			productReference = B4F6A5BE1F4C062800EF442B /* HXTextFieldUITests.xctest */;
			productType = "com.apple.product-type.bundle.ui-testing";
		};
/* End PBXNativeTarget section */

/* Begin PBXProject section */
		B4F6A5921F4C062800EF442B /* Project object */ = {
			isa = PBXProject;
			attributes = {
				LastUpgradeCheck = 0830;
				ORGANIZATIONNAME = Jney;
				TargetAttributes = {
					B4F6A5991F4C062800EF442B = {
						CreatedOnToolsVersion = 8.3.2;
						DevelopmentTeam = 7ASPEP8SM6;
						ProvisioningStyle = Automatic;
					};
					B4F6A5B21F4C062800EF442B = {
						CreatedOnToolsVersion = 8.3.2;
						DevelopmentTeam = 7ASPEP8SM6;
						ProvisioningStyle = Automatic;
						TestTargetID = B4F6A5991F4C062800EF442B;
					};
					B4F6A5BD1F4C062800EF442B = {
						CreatedOnToolsVersion = 8.3.2;
						DevelopmentTeam = 7ASPEP8SM6;
						ProvisioningStyle = Automatic;
						TestTargetID = B4F6A5991F4C062800EF442B;
					};
				};
			};
			buildConfigurationList = B4F6A5951F4C062800EF442B /* Build configuration list for PBXProject "HXTextField" */;
			compatibilityVersion = "Xcode 3.2";
			developmentRegion = English;
			hasScannedForEncodings = 0;
			knownRegions = (
				en,
				Base,
			);
			mainGroup = B4F6A5911F4C062800EF442B;
			productRefGroup = B4F6A59B1F4C062800EF442B /* Products */;
			projectDirPath = "";
			projectRoot = "";
			targets = (
				B4F6A5991F4C062800EF442B /* HXTextField */,
				B4F6A5B21F4C062800EF442B /* HXTextFieldTests */,
				B4F6A5BD1F4C062800EF442B /* HXTextFieldUITests */,
			);
		};
/* End PBXProject section */

/* Begin PBXResourcesBuildPhase section */
		B4F6A5981F4C062800EF442B /* Resources */ = {
			isa = PBXResourcesBuildPhase;
			buildActionMask = 2147483647;
			files = (
				B4F6A5AD1F4C062800EF442B /* LaunchScreen.storyboard in Resources */,
				B4F6A5AA1F4C062800EF442B /* Assets.xcassets in Resources */,
				B4F6A5A81F4C062800EF442B /* Main.storyboard in Resources */,
			);
			runOnlyForDeploymentPostprocessing = 0;
		};
		B4F6A5B11F4C062800EF442B /* Resources */ = {
			isa = PBXResourcesBuildPhase;
			buildActionMask = 2147483647;
			files = (
			);
			runOnlyForDeploymentPostprocessing = 0;
		};
		B4F6A5BC1F4C062800EF442B /* Resources */ = {
			isa = PBXResourcesBuildPhase;
			buildActionMask = 2147483647;
			files = (
			);
			runOnlyForDeploymentPostprocessing = 0;
		};
/* End PBXResourcesBuildPhase section */

/* Begin PBXSourcesBuildPhase section */
		B4F6A5961F4C062800EF442B /* Sources */ = {
			isa = PBXSourcesBuildPhase;
			buildActionMask = 2147483647;
			files = (
				B4F6A5A51F4C062800EF442B /* ViewController.m in Sources */,
				B4F6A5D31F4C067A00EF442B /* HXTextField.m in Sources */,
				B4F6A5A21F4C062800EF442B /* AppDelegate.m in Sources */,
				B4F6A59F1F4C062800EF442B /* main.m in Sources */,
				B4F6A5DA1F4C14EB00EF442B /* NSString+HXCategory.m in Sources */,
			);
			runOnlyForDeploymentPostprocessing = 0;
		};
		B4F6A5AF1F4C062800EF442B /* Sources */ = {
			isa = PBXSourcesBuildPhase;
			buildActionMask = 2147483647;
			files = (
				B4F6A5B81F4C062800EF442B /* HXTextFieldTests.m in Sources */,
			);
			runOnlyForDeploymentPostprocessing = 0;
		};
		B4F6A5BA1F4C062800EF442B /* Sources */ = {
			isa = PBXSourcesBuildPhase;
			buildActionMask = 2147483647;
			files = (
				B4F6A5C31F4C062800EF442B /* HXTextFieldUITests.m in Sources */,
			);
			runOnlyForDeploymentPostprocessing = 0;
		};
/* End PBXSourcesBuildPhase section */

/* Begin PBXTargetDependency section */
		B4F6A5B51F4C062800EF442B /* PBXTargetDependency */ = {
			isa = PBXTargetDependency;
			target = B4F6A5991F4C062800EF442B /* HXTextField */;
			targetProxy = B4F6A5B41F4C062800EF442B /* PBXContainerItemProxy */;
		};
		B4F6A5C01F4C062800EF442B /* PBXTargetDependency */ = {
			isa = PBXTargetDependency;
			target = B4F6A5991F4C062800EF442B /* HXTextField */;
			targetProxy = B4F6A5BF1F4C062800EF442B /* PBXContainerItemProxy */;
		};
/* End PBXTargetDependency section */

/* Begin PBXVariantGroup section */
		B4F6A5A61F4C062800EF442B /* Main.storyboard */ = {
			isa = PBXVariantGroup;
			children = (
				B4F6A5A71F4C062800EF442B /* Base */,
			);
			name = Main.storyboard;
			sourceTree = "<group>";
		};
		B4F6A5AB1F4C062800EF442B /* LaunchScreen.storyboard */ = {
			isa = PBXVariantGroup;
			children = (
				B4F6A5AC1F4C062800EF442B /* Base */,
			);
			name = LaunchScreen.storyboard;
			sourceTree = "<group>";
		};
/* End PBXVariantGroup section */

/* Begin XCBuildConfiguration section */
		B4F6A5C51F4C062800EF442B /* Debug */ = {
			isa = XCBuildConfiguration;
			buildSettings = {
				ALWAYS_SEARCH_USER_PATHS = NO;
				CLANG_ANALYZER_NONNULL = YES;
				CLANG_ANALYZER_NUMBER_OBJECT_CONVERSION = YES_AGGRESSIVE;
				CLANG_CXX_LANGUAGE_STANDARD = "gnu++0x";
				CLANG_CXX_LIBRARY = "libc++";
				CLANG_ENABLE_MODULES = YES;
				CLANG_ENABLE_OBJC_ARC = YES;
				CLANG_WARN_BOOL_CONVERSION = YES;
				CLANG_WARN_CONSTANT_CONVERSION = YES;
				CLANG_WARN_DIRECT_OBJC_ISA_USAGE = YES_ERROR;
				CLANG_WARN_DOCUMENTATION_COMMENTS = YES;
				CLANG_WARN_EMPTY_BODY = YES;
				CLANG_WARN_ENUM_CONVERSION = YES;
				CLANG_WARN_INFINITE_RECURSION = YES;
				CLANG_WARN_INT_CONVERSION = YES;
				CLANG_WARN_OBJC_ROOT_CLASS = YES_ERROR;
				CLANG_WARN_SUSPICIOUS_MOVE = YES;
				CLANG_WARN_UNREACHABLE_CODE = YES;
				CLANG_WARN__DUPLICATE_METHOD_MATCH = YES;
				"CODE_SIGN_IDENTITY[sdk=iphoneos*]" = "iPhone Developer";
				COPY_PHASE_STRIP = NO;
				DEBUG_INFORMATION_FORMAT = dwarf;
				ENABLE_STRICT_OBJC_MSGSEND = YES;
				ENABLE_TESTABILITY = YES;
				GCC_C_LANGUAGE_STANDARD = gnu99;
				GCC_DYNAMIC_NO_PIC = NO;
				GCC_NO_COMMON_BLOCKS = YES;
				GCC_OPTIMIZATION_LEVEL = 0;
				GCC_PREPROCESSOR_DEFINITIONS = (
					"DEBUG=1",
					"$(inherited)",
				);
				GCC_WARN_64_TO_32_BIT_CONVERSION = YES;
				GCC_WARN_ABOUT_RETURN_TYPE = YES_ERROR;
				GCC_WARN_UNDECLARED_SELECTOR = YES;
				GCC_WARN_UNINITIALIZED_AUTOS = YES_AGGRESSIVE;
				GCC_WARN_UNUSED_FUNCTION = YES;
				GCC_WARN_UNUSED_VARIABLE = YES;
				IPHONEOS_DEPLOYMENT_TARGET = 10.3;
				MTL_ENABLE_DEBUG_INFO = YES;
				ONLY_ACTIVE_ARCH = YES;
				SDKROOT = iphoneos;
				TARGETED_DEVICE_FAMILY = "1,2";
			};
			name = Debug;
		};
		B4F6A5C61F4C062800EF442B /* Release */ = {
			isa = XCBuildConfiguration;
			buildSettings = {
				ALWAYS_SEARCH_USER_PATHS = NO;
				CLANG_ANALYZER_NONNULL = YES;
				CLANG_ANALYZER_NUMBER_OBJECT_CONVERSION = YES_AGGRESSIVE;
				CLANG_CXX_LANGUAGE_STANDARD = "gnu++0x";
				CLANG_CXX_LIBRARY = "libc++";
				CLANG_ENABLE_MODULES = YES;
				CLANG_ENABLE_OBJC_ARC = YES;
				CLANG_WARN_BOOL_CONVERSION = YES;
				CLANG_WARN_CONSTANT_CONVERSION = YES;
				CLANG_WARN_DIRECT_OBJC_ISA_USAGE = YES_ERROR;
				CLANG_WARN_DOCUMENTATION_COMMENTS = YES;
				CLANG_WARN_EMPTY_BODY = YES;
				CLANG_WARN_ENUM_CONVERSION = YES;
				CLANG_WARN_INFINITE_RECURSION = YES;
				CLANG_WARN_INT_CONVERSION = YES;
				CLANG_WARN_OBJC_ROOT_CLASS = YES_ERROR;
				CLANG_WARN_SUSPICIOUS_MOVE = YES;
				CLANG_WARN_UNREACHABLE_CODE = YES;
				CLANG_WARN__DUPLICATE_METHOD_MATCH = YES;
				"CODE_SIGN_IDENTITY[sdk=iphoneos*]" = "iPhone Developer";
				COPY_PHASE_STRIP = NO;
				DEBUG_INFORMATION_FORMAT = "dwarf-with-dsym";
				ENABLE_NS_ASSERTIONS = NO;
				ENABLE_STRICT_OBJC_MSGSEND = YES;
				GCC_C_LANGUAGE_STANDARD = gnu99;
				GCC_NO_COMMON_BLOCKS = YES;
				GCC_WARN_64_TO_32_BIT_CONVERSION = YES;
				GCC_WARN_ABOUT_RETURN_TYPE = YES_ERROR;
				GCC_WARN_UNDECLARED_SELECTOR = YES;
				GCC_WARN_UNINITIALIZED_AUTOS = YES_AGGRESSIVE;
				GCC_WARN_UNUSED_FUNCTION = YES;
				GCC_WARN_UNUSED_VARIABLE = YES;
				IPHONEOS_DEPLOYMENT_TARGET = 10.3;
				MTL_ENABLE_DEBUG_INFO = NO;
				SDKROOT = iphoneos;
				TARGETED_DEVICE_FAMILY = "1,2";
				VALIDATE_PRODUCT = YES;
			};
			name = Release;
		};
		B4F6A5C81F4C062800EF442B /* Debug */ = {
			isa = XCBuildConfiguration;
			buildSettings = {
				ASSETCATALOG_COMPILER_APPICON_NAME = AppIcon;
				DEVELOPMENT_TEAM = 7ASPEP8SM6;
				INFOPLIST_FILE = HXTextField/Info.plist;
				LD_RUNPATH_SEARCH_PATHS = "$(inherited) @executable_path/Frameworks";
				PRODUCT_BUNDLE_IDENTIFIER = HX.HXTextField;
				PRODUCT_NAME = "$(TARGET_NAME)";
			};
			name = Debug;
		};
		B4F6A5C91F4C062800EF442B /* Release */ = {
			isa = XCBuildConfiguration;
			buildSettings = {
				ASSETCATALOG_COMPILER_APPICON_NAME = AppIcon;
				DEVELOPMENT_TEAM = 7ASPEP8SM6;
				INFOPLIST_FILE = HXTextField/Info.plist;
				LD_RUNPATH_SEARCH_PATHS = "$(inherited) @executable_path/Frameworks";
				PRODUCT_BUNDLE_IDENTIFIER = HX.HXTextField;
				PRODUCT_NAME = "$(TARGET_NAME)";
			};
			name = Release;
		};
		B4F6A5CB1F4C062800EF442B /* Debug */ = {
			isa = XCBuildConfiguration;
			buildSettings = {
				BUNDLE_LOADER = "$(TEST_HOST)";
				DEVELOPMENT_TEAM = 7ASPEP8SM6;
				INFOPLIST_FILE = HXTextFieldTests/Info.plist;
				LD_RUNPATH_SEARCH_PATHS = "$(inherited) @executable_path/Frameworks @loader_path/Frameworks";
				PRODUCT_BUNDLE_IDENTIFIER = HX.HXTextFieldTests;
				PRODUCT_NAME = "$(TARGET_NAME)";
				TEST_HOST = "$(BUILT_PRODUCTS_DIR)/HXTextField.app/HXTextField";
			};
			name = Debug;
		};
		B4F6A5CC1F4C062800EF442B /* Release */ = {
			isa = XCBuildConfiguration;
			buildSettings = {
				BUNDLE_LOADER = "$(TEST_HOST)";
				DEVELOPMENT_TEAM = 7ASPEP8SM6;
				INFOPLIST_FILE = HXTextFieldTests/Info.plist;
				LD_RUNPATH_SEARCH_PATHS = "$(inherited) @executable_path/Frameworks @loader_path/Frameworks";
				PRODUCT_BUNDLE_IDENTIFIER = HX.HXTextFieldTests;
				PRODUCT_NAME = "$(TARGET_NAME)";
				TEST_HOST = "$(BUILT_PRODUCTS_DIR)/HXTextField.app/HXTextField";
			};
			name = Release;
		};
		B4F6A5CE1F4C062800EF442B /* Debug */ = {
			isa = XCBuildConfiguration;
			buildSettings = {
				DEVELOPMENT_TEAM = 7ASPEP8SM6;
				INFOPLIST_FILE = HXTextFieldUITests/Info.plist;
				LD_RUNPATH_SEARCH_PATHS = "$(inherited) @executable_path/Frameworks @loader_path/Frameworks";
				PRODUCT_BUNDLE_IDENTIFIER = HX.HXTextFieldUITests;
				PRODUCT_NAME = "$(TARGET_NAME)";
				TEST_TARGET_NAME = HXTextField;
			};
			name = Debug;
		};
		B4F6A5CF1F4C062800EF442B /* Release */ = {
			isa = XCBuildConfiguration;
			buildSettings = {
				DEVELOPMENT_TEAM = 7ASPEP8SM6;
				INFOPLIST_FILE = HXTextFieldUITests/Info.plist;
				LD_RUNPATH_SEARCH_PATHS = "$(inherited) @executable_path/Frameworks @loader_path/Frameworks";
				PRODUCT_BUNDLE_IDENTIFIER = HX.HXTextFieldUITests;
				PRODUCT_NAME = "$(TARGET_NAME)";
				TEST_TARGET_NAME = HXTextField;
			};
			name = Release;
		};
/* End XCBuildConfiguration section */

/* Begin XCConfigurationList section */
		B4F6A5951F4C062800EF442B /* Build configuration list for PBXProject "HXTextField" */ = {
			isa = XCConfigurationList;
			buildConfigurations = (
				B4F6A5C51F4C062800EF442B /* Debug */,
				B4F6A5C61F4C062800EF442B /* Release */,
			);
			defaultConfigurationIsVisible = 0;
			defaultConfigurationName = Release;
		};
		B4F6A5C71F4C062800EF442B /* Build configuration list for PBXNativeTarget "HXTextField" */ = {
			isa = XCConfigurationList;
			buildConfigurations = (
				B4F6A5C81F4C062800EF442B /* Debug */,
				B4F6A5C91F4C062800EF442B /* Release */,
			);
			defaultConfigurationIsVisible = 0;
		};
		B4F6A5CA1F4C062800EF442B /* Build configuration list for PBXNativeTarget "HXTextFieldTests" */ = {
			isa = XCConfigurationList;
			buildConfigurations = (
				B4F6A5CB1F4C062800EF442B /* Debug */,
				B4F6A5CC1F4C062800EF442B /* Release */,
			);
			defaultConfigurationIsVisible = 0;
		};
		B4F6A5CD1F4C062800EF442B /* Build configuration list for PBXNativeTarget "HXTextFieldUITests" */ = {
			isa = XCConfigurationList;
			buildConfigurations = (
				B4F6A5CE1F4C062800EF442B /* Debug */,
				B4F6A5CF1F4C062800EF442B /* Release */,
			);
			defaultConfigurationIsVisible = 0;
		};
/* End XCConfigurationList section */
	};
	rootObject = B4F6A5921F4C062800EF442B /* Project object */;
}
